uuid: 050ca90b-446c-4f45-82b9-5fbba61e6936
langcode: en
status: true
dependencies:
  module:
    - user
  theme:
    - mass_specc_bootstrap_sass
id: mass_specc_bootstrap_sass_logoblock
theme: mass_specc_bootstrap_sass
region: top_header
weight: -2
provider: null
plugin: 'block_content:1e2b42f8-0346-40bc-bc62-885b149ab752'
settings:
  id: 'block_content:1e2b42f8-0346-40bc-bc62-885b149ab752'
  label: 'Logo Block'
  label_display: '0'
  provider: block_content
  status: true
  info: ''
  view_mode: full
visibility:
  user_role:
    id: user_role
    negate: false
    context_mapping:
      user: '@user.current_user_context:current_user'
    roles:
      mass_specc_admin: mass_specc_admin
      uploader: uploader
      approver: approver
      access: access
